
Microsoft Visual Studio Solution File, Format Version 12.00
# Visual Studio Version 17
VisualStudioVersion = 17.14.36414.22 d17.14
MinimumVisualStudioVersion = 10.0.40219.1
Project("{8BC9CEB8-8B4A-11D0-8D11-00A0C91BC942}") = "PS6P4", "PS6P4\PS6P4.vcxproj", "{B93C8C9E-E51B-43BF-9123-85AC3F1109DD}"
EndProject
Global
	GlobalSection(SolutionConfigurationPlatforms) = preSolution
		Debug|x64 = Debug|x64
		Debug|x86 = Debug|x86
		Release|x64 = Release|x64
		Release|x86 = Release|x86
	EndGlobalSection
	GlobalSection(ProjectConfigurationPlatforms) = postSolution
		{B93C8C9E-E51B-43BF-9123-85AC3F1109DD}.Debug|x64.ActiveCfg = Debug|x64
		{B93C8C9E-E51B-43BF-9123-85AC3F1109DD}.Debug|x64.Build.0 = Debug|x64
		{B93C8C9E-E51B-43BF-9123-85AC3F1109DD}.Debug|x86.ActiveCfg = Debug|Win32
		{B93C8C9E-E51B-43BF-9123-85AC3F1109DD}.Debug|x86.Build.0 = Debug|Win32
		{B93C8C9E-E51B-43BF-9123-85AC3F1109DD}.Release|x64.ActiveCfg = Release|x64
		{B93C8C9E-E51B-43BF-9123-85AC3F1109DD}.Release|x64.Build.0 = Release|x64
		{B93C8C9E-E51B-43BF-9123-85AC3F1109DD}.Release|x86.ActiveCfg = Release|Win32
		{B93C8C9E-E51B-43BF-9123-85AC3F1109DD}.Release|x86.Build.0 = Release|Win32
	EndGlobalSection
	GlobalSection(SolutionProperties) = preSolution
		HideSolutionNode = FALSE
	EndGlobalSection
	GlobalSection(ExtensibilityGlobals) = postSolution
		SolutionGuid = {BBBBD5D5-D52D-491F-8716-E732E1D84E53}
	EndGlobalSection
EndGlobal
